
Microsoft Visual Studio Solution File, Format Version 12.00
# Visual Studio Version 17
VisualStudioVersion = 17.4.33213.308
MinimumVisualStudioVersion = 10.0.40219.1
Project("{FAE04EC0-301F-11D3-BF4B-00C04F79EFBC}") = "MethodOverloading 2.0", "MethodOverloading 2.0\MethodOverloading 2.0.csproj", "{8B7B00BE-0B69-4F49-94EC-E30784838614}"
EndProject
Global
	GlobalSection(SolutionConfigurationPlatforms) = preSolution
		Debug|Any CPU = Debug|Any CPU
		Release|Any CPU = Release|Any CPU
	EndGlobalSection
	GlobalSection(ProjectConfigurationPlatforms) = postSolution
		{8B7B00BE-0B69-4F49-94EC-E30784838614}.Debug|Any CPU.ActiveCfg = Debug|Any CPU
		{8B7B00BE-0B69-4F49-94EC-E30784838614}.Debug|Any CPU.Build.0 = Debug|Any CPU
		{8B7B00BE-0B69-4F49-94EC-E30784838614}.Release|Any CPU.ActiveCfg = Release|Any CPU
		{8B7B00BE-0B69-4F49-94EC-E30784838614}.Release|Any CPU.Build.0 = Release|Any CPU
	EndGlobalSection
	GlobalSection(SolutionProperties) = preSolution
		HideSolutionNode = FALSE
	EndGlobalSection
	GlobalSection(ExtensibilityGlobals) = postSolution
		SolutionGuid = {0DECB2CB-5B39-4E9F-B168-3520A33E870E}
	EndGlobalSection
EndGlobal
